{
    "_readme": [
        "This file locks the dependencies of your project to a known state",
        "Read more about it at https://getcomposer.org/doc/01-basic-usage.md#composer-lock-the-lock-file",
        "This file is @generated automatically"
    ],
    "hash": "f63a959a72d449ac099b8818a09d4eed",
    "content-hash": "9540dd5d4d4521cfa45414801c039361",
    "packages": [
        {
            "name": "fzaninotto/faker",
            "version": "v1.6.0",
            "source": {
                "type": "git",
                "url": "https://github.com/fzaninotto/Faker.git",
                "reference": "44f9a286a04b80c76a4e5fb7aad8bb539b920123"
            },
            "dist": {
                "type": "zip",
                "url": "https://api.github.com/repos/fzaninotto/Faker/zipball/44f9a286a04b80c76a4e5fb7aad8bb539b920123",
                "reference": "44f9a286a04b80c76a4e5fb7aad8bb539b920123",
                "shasum": ""
            },
            "require": {
                "php": "^5.3.3|^7.0"
            },
            "require-dev": {
                "ext-intl": "*",
                "phpunit/phpunit": "~4.0",
                "squizlabs/php_codesniffer": "~1.5"
            },
            "type": "library",
            "extra": {
                "branch-alias": []
            },
            "autoload": {
                "psr-4": {
                    "Faker\\": "src/Faker/"
                }
            },
            "notification-url": "https://packagist.org/downloads/",
            "license": [
                "MIT"
            ],
            "authors": [
                {
                    "name": "François Zaninotto"
                }
            ],
            "description": "Faker is a PHP library that generates fake data for you.",
            "keywords": [
                "data",
                "faker",
                "fixtures"
            ],
            "time": "2016-04-29 12:21:54"
        },
        {
            "name": "paulbunyannet/bandolier",
            "version": "1.2.1",
            "source": {
                "type": "git",
                "url": "https://github.com/paulbunyannet/bandolier.git",
                "reference": "bc0469b952dea41bca07e399ce99cdd5d0b07ecb"
            },
            "dist": {
                "type": "zip",
                "url": "https://api.github.com/repos/paulbunyannet/bandolier/zipball/bc0469b952dea41bca07e399ce99cdd5d0b07ecb",
                "reference": "bc0469b952dea41bca07e399ce99cdd5d0b07ecb",
                "shasum": ""
            },
            "require": {
                "php": "5.4 - 7.0"
            },
            "require-dev": {
                "phpunit/phpunit": "^4.8"
            },
            "type": "library",
            "autoload": {
                "psr-4": {
                    "Pbc\\Bandolier\\": "src/Bandolier/"
                }
            },
            "notification-url": "https://packagist.org/downloads/",
            "authors": [
                {
                    "name": "Nate Nolting",
                    "email": "me@natenolting.com"
                }
            ],
            "description": "Reusable utilities",
            "keywords": [
                "toolkit"
            ],
            "time": "2016-03-29 22:08:41"
        },
        {
            "name": "paulbunyannet/form_mail_template",
            "version": "v1.0",
            "source": {
                "type": "git",
                "url": "https://github.com/paulbunyannet/form_mail_template.git",
                "reference": "43ae1d487e08c4b136773aeac457dfb636e5e32b"
            },
            "dist": {
                "type": "zip",
                "url": "https://api.github.com/repos/paulbunyannet/form_mail_template/zipball/43ae1d487e08c4b136773aeac457dfb636e5e32b",
                "reference": "43ae1d487e08c4b136773aeac457dfb636e5e32b",
                "shasum": ""
            },
            "type": "library",
            "authors": [
                {
                    "name": "Nate Nolting",
                    "email": "me@natenolting.com"
                }
            ],
            "support": {
                "source": "https://github.com/paulbunyannet/form_mail_template/tree/master",
                "issues": "https://github.com/paulbunyannet/form_mail_template/issues"
            },
            "time": "2016-05-10 13:24:41"
        },
        {
            "name": "paulbunyannet/premailer",
            "version": "1.1.0",
            "source": {
                "type": "git",
                "url": "https://github.com/paulbunyannet/premailer.git",
                "reference": "189277535a286224cdc8cef8142788c8cb89cd67"
            },
            "dist": {
                "type": "zip",
                "url": "https://api.github.com/repos/paulbunyannet/premailer/zipball/189277535a286224cdc8cef8142788c8cb89cd67",
                "reference": "189277535a286224cdc8cef8142788c8cb89cd67",
                "shasum": ""
            },
            "require": {
                "fzaninotto/faker": "^1.5",
                "php": "5.4 - 7.0"
            },
            "require-dev": {
                "phpunit/phpunit": "^4.8"
            },
            "type": "library",
            "autoload": {
                "psr-4": {
                    "Pbc\\": "src/"
                }
            },
            "notification-url": "https://packagist.org/downloads/",
            "authors": [
                {
                    "name": "Marcus Bointon",
                    "email": "marcus@synchromedia.co.uk"
                },
                {
                    "name": "Nate Nolting",
                    "email": "me@natenolting.com"
                }
            ],
            "description": "Css inliner for HTML emails",
            "keywords": [
                "toolkit"
            ],
            "time": "2015-10-08 20:11:49"
        }
    ],
    "packages-dev": [],
    "aliases": [],
    "minimum-stability": "stable",
    "stability-flags": [],
    "prefer-stable": false,
    "prefer-lowest": false,
    "platform": [],
    "platform-dev": []
}
